
Microsoft Visual Studio Solution File, Format Version 12.00
# Visual Studio Version 17
VisualStudioVersion = 17.8.34205.153
MinimumVisualStudioVersion = 10.0.40219.1
Project("{FAE04EC0-301F-11D3-BF4B-00C04F79EFBC}") = "CarsCRUD", "CarsCRUD.csproj", "{5AE1F494-4D54-4B20-9857-AB4590758F5D}"
EndProject
Global
	GlobalSection(SolutionConfigurationPlatforms) = preSolution
		Debug|Any CPU = Debug|Any CPU
		Release|Any CPU = Release|Any CPU
	EndGlobalSection
	GlobalSection(ProjectConfigurationPlatforms) = postSolution
		{5AE1F494-4D54-4B20-9857-AB4590758F5D}.Debug|Any CPU.ActiveCfg = Debug|Any CPU
		{5AE1F494-4D54-4B20-9857-AB4590758F5D}.Debug|Any CPU.Build.0 = Debug|Any CPU
		{5AE1F494-4D54-4B20-9857-AB4590758F5D}.Release|Any CPU.ActiveCfg = Release|Any CPU
		{5AE1F494-4D54-4B20-9857-AB4590758F5D}.Release|Any CPU.Build.0 = Release|Any CPU
	EndGlobalSection
	GlobalSection(SolutionProperties) = preSolution
		HideSolutionNode = FALSE
	EndGlobalSection
	GlobalSection(ExtensibilityGlobals) = postSolution
		SolutionGuid = {1714CB58-D181-4711-8327-3D1058FF4FC3}
	EndGlobalSection
EndGlobal
